
Microsoft Visual Studio Solution File, Format Version 12.00
# Visual Studio Version 17
VisualStudioVersion = 17.7.34024.191
MinimumVisualStudioVersion = 10.0.40219.1
Project("{888888A0-9F3D-457C-B088-3A5042F75D52}") = "BitcoinPriceApp", "BitcoinPriceApp.pyproj", "{22355A41-ACE4-4419-989E-1852824AA72F}"
EndProject
Global
	GlobalSection(SolutionConfigurationPlatforms) = preSolution
		Debug|Any CPU = Debug|Any CPU
		Release|Any CPU = Release|Any CPU
	EndGlobalSection
	GlobalSection(ProjectConfigurationPlatforms) = postSolution
		{22355A41-ACE4-4419-989E-1852824AA72F}.Debug|Any CPU.ActiveCfg = Debug|Any CPU
		{22355A41-ACE4-4419-989E-1852824AA72F}.Release|Any CPU.ActiveCfg = Release|Any CPU
	EndGlobalSection
	GlobalSection(SolutionProperties) = preSolution
		HideSolutionNode = FALSE
	EndGlobalSection
	GlobalSection(ExtensibilityGlobals) = postSolution
		SolutionGuid = {3CB3A8F4-32A0-45FB-B7C0-1BE6E7328DFF}
	EndGlobalSection
EndGlobal
